// !$*UTF8*$!
{
	archiveVersion = 1;
	classes = {
	};
	objectVersion = 50;
	objects = {

/* Begin PBXBuildFile section */
		81D62A45A9974D57E0A1794E /* libPods-PhotoBrowser.a in Frameworks */ = {isa = PBXBuildFile; fileRef = D1408C328E87EFEBBB66F5A1 /* libPods-PhotoBrowser.a */; };
		AA401DA220B69B2F00414D6A /* AppDelegate.m in Sources */ = {isa = PBXBuildFile; fileRef = AA401DA120B69B2F00414D6A /* AppDelegate.m */; };
		AA401DA520B69B2F00414D6A /* ViewController.m in Sources */ = {isa = PBXBuildFile; fileRef = AA401DA420B69B2F00414D6A /* ViewController.m */; };
		AA401DA820B69B2F00414D6A /* Main.storyboard in Resources */ = {isa = PBXBuildFile; fileRef = AA401DA620B69B2F00414D6A /* Main.storyboard */; };
		AA401DAA20B69B3100414D6A /* Assets.xcassets in Resources */ = {isa = PBXBuildFile; fileRef = AA401DA920B69B3100414D6A /* Assets.xcassets */; };
		AA401DAD20B69B3100414D6A /* LaunchScreen.storyboard in Resources */ = {isa = PBXBuildFile; fileRef = AA401DAB20B69B3100414D6A /* LaunchScreen.storyboard */; };
		AA401DB020B69B3200414D6A /* main.m in Sources */ = {isa = PBXBuildFile; fileRef = AA401DAF20B69B3200414D6A /* main.m */; };
/* End PBXBuildFile section */

/* Begin PBXFileReference section */
		9D21767FED1F4C4ED9CC560C /* Pods-PhotoBrowser.debug.xcconfig */ = {isa = PBXFileReference; includeInIndex = 1; lastKnownFileType = text.xcconfig; name = "Pods-PhotoBrowser.debug.xcconfig"; path = "Pods/Target Support Files/Pods-PhotoBrowser/Pods-PhotoBrowser.debug.xcconfig"; sourceTree = "<group>"; };
		AA401D9D20B69B2F00414D6A /* PhotoBrowser.app */ = {isa = PBXFileReference; explicitFileType = wrapper.application; includeInIndex = 0; path = PhotoBrowser.app; sourceTree = BUILT_PRODUCTS_DIR; };
		AA401DA020B69B2F00414D6A /* AppDelegate.h */ = {isa = PBXFileReference; lastKnownFileType = sourcecode.c.h; path = AppDelegate.h; sourceTree = "<group>"; };
		AA401DA120B69B2F00414D6A /* AppDelegate.m */ = {isa = PBXFileReference; lastKnownFileType = sourcecode.c.objc; path = AppDelegate.m; sourceTree = "<group>"; };
		AA401DA320B69B2F00414D6A /* ViewController.h */ = {isa = PBXFileReference; lastKnownFileType = sourcecode.c.h; path = ViewController.h; sourceTree = "<group>"; };
		AA401DA420B69B2F00414D6A /* ViewController.m */ = {isa = PBXFileReference; lastKnownFileType = sourcecode.c.objc; path = ViewController.m; sourceTree = "<group>"; };
		AA401DA720B69B2F00414D6A /* Base */ = {isa = PBXFileReference; lastKnownFileType = file.storyboard; name = Base; path = Base.lproj/Main.storyboard; sourceTree = "<group>"; };
		AA401DA920B69B3100414D6A /* Assets.xcassets */ = {isa = PBXFileReference; lastKnownFileType = folder.assetcatalog; path = Assets.xcassets; sourceTree = "<group>"; };
		AA401DAC20B69B3100414D6A /* Base */ = {isa = PBXFileReference; lastKnownFileType = file.storyboard; name = Base; path = Base.lproj/LaunchScreen.storyboard; sourceTree = "<group>"; };
		AA401DAE20B69B3200414D6A /* Info.plist */ = {isa = PBXFileReference; lastKnownFileType = text.plist.xml; path = Info.plist; sourceTree = "<group>"; };
		AA401DAF20B69B3200414D6A /* main.m */ = {isa = PBXFileReference; lastKnownFileType = sourcecode.c.objc; path = main.m; sourceTree = "<group>"; };
		B813C9EEF42AA00B2B8EA1FE /* Pods-PhotoBrowser.release.xcconfig */ = {isa = PBXFileReference; includeInIndex = 1; lastKnownFileType = text.xcconfig; name = "Pods-PhotoBrowser.release.xcconfig"; path = "Pods/Target Support Files/Pods-PhotoBrowser/Pods-PhotoBrowser.release.xcconfig"; sourceTree = "<group>"; };
		D1408C328E87EFEBBB66F5A1 /* libPods-PhotoBrowser.a */ = {isa = PBXFileReference; explicitFileType = archive.ar; includeInIndex = 0; path = "libPods-PhotoBrowser.a"; sourceTree = BUILT_PRODUCTS_DIR; };
/* End PBXFileReference section */

/* Begin PBXFrameworksBuildPhase section */
		AA401D9A20B69B2F00414D6A /* Frameworks */ = {
			isa = PBXFrameworksBuildPhase;
			buildActionMask = 2147483647;
			files = (
				81D62A45A9974D57E0A1794E /* libPods-PhotoBrowser.a in Frameworks */,
			);
			runOnlyForDeploymentPostprocessing = 0;
		};
/* End PBXFrameworksBuildPhase section */

/* Begin PBXGroup section */
		AA401D9420B69B2F00414D6A = {
			isa = PBXGroup;
			children = (
				AA401D9F20B69B2F00414D6A /* PhotoBrowser */,
				AA401D9E20B69B2F00414D6A /* Products */,
				DBD56959C412F1F7D8811279 /* Pods */,
				CF3E7BA746D532FC6AE6485F /* Frameworks */,
			);
			sourceTree = "<group>";
		};
		AA401D9E20B69B2F00414D6A /* Products */ = {
			isa = PBXGroup;
			children = (
				AA401D9D20B69B2F00414D6A /* PhotoBrowser.app */,
			);
			name = Products;
			sourceTree = "<group>";
		};
		AA401D9F20B69B2F00414D6A /* PhotoBrowser */ = {
			isa = PBXGroup;
			children = (
				AA401DA020B69B2F00414D6A /* AppDelegate.h */,
				AA401DA120B69B2F00414D6A /* AppDelegate.m */,
				AA401DA320B69B2F00414D6A /* ViewController.h */,
				AA401DA420B69B2F00414D6A /* ViewController.m */,
				AA401DA620B69B2F00414D6A /* Main.storyboard */,
				AA401DA920B69B3100414D6A /* Assets.xcassets */,
				AA401DAB20B69B3100414D6A /* LaunchScreen.storyboard */,
				AA401DAE20B69B3200414D6A /* Info.plist */,
				AA401DAF20B69B3200414D6A /* main.m */,
			);
			path = PhotoBrowser;
			sourceTree = "<group>";
		};
		CF3E7BA746D532FC6AE6485F /* Frameworks */ = {
			isa = PBXGroup;
			children = (
				D1408C328E87EFEBBB66F5A1 /* libPods-PhotoBrowser.a */,
			);
			name = Frameworks;
			sourceTree = "<group>";
		};
		DBD56959C412F1F7D8811279 /* Pods */ = {
			isa = PBXGroup;
			children = (
				9D21767FED1F4C4ED9CC560C /* Pods-PhotoBrowser.debug.xcconfig */,
				B813C9EEF42AA00B2B8EA1FE /* Pods-PhotoBrowser.release.xcconfig */,
			);
			name = Pods;
			sourceTree = "<group>";
		};
/* End PBXGroup section */

/* Begin PBXNativeTarget section */
		AA401D9C20B69B2F00414D6A /* PhotoBrowser */ = {
			isa = PBXNativeTarget;
			buildConfigurationList = AA401DB320B69B3200414D6A /* Build configuration list for PBXNativeTarget "PhotoBrowser" */;
			buildPhases = (
				557E7EE95424BD1D688F52A7 /* [CP] Check Pods Manifest.lock */,
				AA401D9920B69B2F00414D6A /* Sources */,
				AA401D9A20B69B2F00414D6A /* Frameworks */,
				AA401D9B20B69B2F00414D6A /* Resources */,
				224871D5C1DFD9BCE72DA548 /* [CP] Copy Pods Resources */,
			);
			buildRules = (
			);
			dependencies = (
			);
			name = PhotoBrowser;
			productName = PhotoBrowser;
			productReference = AA401D9D20B69B2F00414D6A /* PhotoBrowser.app */;
			productType = "com.apple.product-type.application";
		};
/* End PBXNativeTarget section */

/* Begin PBXProject section */
		AA401D9520B69B2F00414D6A /* Project object */ = {
			isa = PBXProject;
			attributes = {
				LastUpgradeCheck = 0930;
				ORGANIZATIONNAME = hechang;
				TargetAttributes = {
					AA401D9C20B69B2F00414D6A = {
						CreatedOnToolsVersion = 9.3.1;
					};
				};
			};
			buildConfigurationList = AA401D9820B69B2F00414D6A /* Build configuration list for PBXProject "PhotoBrowser" */;
			compatibilityVersion = "Xcode 9.3";
			developmentRegion = en;
			hasScannedForEncodings = 0;
			knownRegions = (
				en,
				Base,
			);
			mainGroup = AA401D9420B69B2F00414D6A;
			productRefGroup = AA401D9E20B69B2F00414D6A /* Products */;
			projectDirPath = "";
			projectRoot = "";
			targets = (
				AA401D9C20B69B2F00414D6A /* PhotoBrowser */,
			);
		};
/* End PBXProject section */

/* Begin PBXResourcesBuildPhase section */
		AA401D9B20B69B2F00414D6A /* Resources */ = {
			isa = PBXResourcesBuildPhase;
			buildActionMask = 2147483647;
			files = (
				AA401DAD20B69B3100414D6A /* LaunchScreen.storyboard in Resources */,
				AA401DAA20B69B3100414D6A /* Assets.xcassets in Resources */,
				AA401DA820B69B2F00414D6A /* Main.storyboard in Resources */,
			);
			runOnlyForDeploymentPostprocessing = 0;
		};
/* End PBXResourcesBuildPhase section */

/* Begin PBXShellScriptBuildPhase section */
		224871D5C1DFD9BCE72DA548 /* [CP] Copy Pods Resources */ = {
			isa = PBXShellScriptBuildPhase;
			buildActionMask = 2147483647;
			files = (
			);
			inputPaths = (
				"${SRCROOT}/Pods/Target Support Files/Pods-PhotoBrowser/Pods-PhotoBrowser-resources.sh",
				"${PODS_ROOT}/YBImageBrowser/YBImageBrowser/YBImageBrowser.bundle",
			);
			name = "[CP] Copy Pods Resources";
			outputPaths = (
				"${TARGET_BUILD_DIR}/${UNLOCALIZED_RESOURCES_FOLDER_PATH}/YBImageBrowser.bundle",
			);
			runOnlyForDeploymentPostprocessing = 0;
			shellPath = /bin/sh;
			shellScript = "\"${SRCROOT}/Pods/Target Support Files/Pods-PhotoBrowser/Pods-PhotoBrowser-resources.sh\"\n";
			showEnvVarsInLog = 0;
		};
		557E7EE95424BD1D688F52A7 /* [CP] Check Pods Manifest.lock */ = {
			isa = PBXShellScriptBuildPhase;
			buildActionMask = 2147483647;
			files = (
			);
			inputPaths = (
				"${PODS_PODFILE_DIR_PATH}/Podfile.lock",
				"${PODS_ROOT}/Manifest.lock",
			);
			name = "[CP] Check Pods Manifest.lock";
			outputPaths = (
				"$(DERIVED_FILE_DIR)/Pods-PhotoBrowser-checkManifestLockResult.txt",
			);
			runOnlyForDeploymentPostprocessing = 0;
			shellPath = /bin/sh;
			shellScript = "diff \"${PODS_PODFILE_DIR_PATH}/Podfile.lock\" \"${PODS_ROOT}/Manifest.lock\" > /dev/null\nif [ $? != 0 ] ; then\n    # print error to STDERR\n    echo \"error: The sandbox is not in sync with the Podfile.lock. Run 'pod install' or update your CocoaPods installation.\" >&2\n    exit 1\nfi\n# This output is used by Xcode 'outputs' to avoid re-running this script phase.\necho \"SUCCESS\" > \"${SCRIPT_OUTPUT_FILE_0}\"\n";
			showEnvVarsInLog = 0;
		};
/* End PBXShellScriptBuildPhase section */

/* Begin PBXSourcesBuildPhase section */
		AA401D9920B69B2F00414D6A /* Sources */ = {
			isa = PBXSourcesBuildPhase;
			buildActionMask = 2147483647;
			files = (
				AA401DA520B69B2F00414D6A /* ViewController.m in Sources */,
				AA401DB020B69B3200414D6A /* main.m in Sources */,
				AA401DA220B69B2F00414D6A /* AppDelegate.m in Sources */,
			);
			runOnlyForDeploymentPostprocessing = 0;
		};
/* End PBXSourcesBuildPhase section */

/* Begin PBXVariantGroup section */
		AA401DA620B69B2F00414D6A /* Main.storyboard */ = {
			isa = PBXVariantGroup;
			children = (
				AA401DA720B69B2F00414D6A /* Base */,
			);
			name = Main.storyboard;
			sourceTree = "<group>";
		};
		AA401DAB20B69B3100414D6A /* LaunchScreen.storyboard */ = {
			isa = PBXVariantGroup;
			children = (
				AA401DAC20B69B3100414D6A /* Base */,
			);
			name = LaunchScreen.storyboard;
			sourceTree = "<group>";
		};
/* End PBXVariantGroup section */

/* Begin XCBuildConfiguration section */
		AA401DB120B69B3200414D6A /* Debug */ = {
			isa = XCBuildConfiguration;
			buildSettings = {
				ALWAYS_SEARCH_USER_PATHS = NO;
				CLANG_ANALYZER_NONNULL = YES;
				CLANG_ANALYZER_NUMBER_OBJECT_CONVERSION = YES_AGGRESSIVE;
				CLANG_CXX_LANGUAGE_STANDARD = "gnu++14";
				CLANG_CXX_LIBRARY = "libc++";
				CLANG_ENABLE_MODULES = YES;
				CLANG_ENABLE_OBJC_ARC = YES;
				CLANG_ENABLE_OBJC_WEAK = YES;
				CLANG_WARN_BLOCK_CAPTURE_AUTORELEASING = YES;
				CLANG_WARN_BOOL_CONVERSION = YES;
				CLANG_WARN_COMMA = YES;
				CLANG_WARN_CONSTANT_CONVERSION = YES;
				CLANG_WARN_DEPRECATED_OBJC_IMPLEMENTATIONS = YES;
				CLANG_WARN_DIRECT_OBJC_ISA_USAGE = YES_ERROR;
				CLANG_WARN_DOCUMENTATION_COMMENTS = YES;
				CLANG_WARN_EMPTY_BODY = YES;
				CLANG_WARN_ENUM_CONVERSION = YES;
				CLANG_WARN_INFINITE_RECURSION = YES;
				CLANG_WARN_INT_CONVERSION = YES;
				CLANG_WARN_NON_LITERAL_NULL_CONVERSION = YES;
				CLANG_WARN_OBJC_IMPLICIT_RETAIN_SELF = YES;
				CLANG_WARN_OBJC_LITERAL_CONVERSION = YES;
				CLANG_WARN_OBJC_ROOT_CLASS = YES_ERROR;
				CLANG_WARN_RANGE_LOOP_ANALYSIS = YES;
				CLANG_WARN_STRICT_PROTOTYPES = YES;
				CLANG_WARN_SUSPICIOUS_MOVE = YES;
				CLANG_WARN_UNGUARDED_AVAILABILITY = YES_AGGRESSIVE;
				CLANG_WARN_UNREACHABLE_CODE = YES;
				CLANG_WARN__DUPLICATE_METHOD_MATCH = YES;
				CODE_SIGN_IDENTITY = "iPhone Developer";
				COPY_PHASE_STRIP = NO;
				DEBUG_INFORMATION_FORMAT = dwarf;
				ENABLE_STRICT_OBJC_MSGSEND = YES;
				ENABLE_TESTABILITY = YES;
				GCC_C_LANGUAGE_STANDARD = gnu11;
				GCC_DYNAMIC_NO_PIC = NO;
				GCC_NO_COMMON_BLOCKS = YES;
				GCC_OPTIMIZATION_LEVEL = 0;
				GCC_PREPROCESSOR_DEFINITIONS = (
					"DEBUG=1",
					"$(inherited)",
				);
				GCC_WARN_64_TO_32_BIT_CONVERSION = YES;
				GCC_WARN_ABOUT_RETURN_TYPE = YES_ERROR;
				GCC_WARN_UNDECLARED_SELECTOR = YES;
				GCC_WARN_UNINITIALIZED_AUTOS = YES_AGGRESSIVE;
				GCC_WARN_UNUSED_FUNCTION = YES;
				GCC_WARN_UNUSED_VARIABLE = YES;
				IPHONEOS_DEPLOYMENT_TARGET = 11.3;
				MTL_ENABLE_DEBUG_INFO = YES;
				ONLY_ACTIVE_ARCH = YES;
				SDKROOT = iphoneos;
			};
			name = Debug;
		};
		AA401DB220B69B3200414D6A /* Release */ = {
			isa = XCBuildConfiguration;
			buildSettings = {
				ALWAYS_SEARCH_USER_PATHS = NO;
				CLANG_ANALYZER_NONNULL = YES;
				CLANG_ANALYZER_NUMBER_OBJECT_CONVERSION = YES_AGGRESSIVE;
				CLANG_CXX_LANGUAGE_STANDARD = "gnu++14";
				CLANG_CXX_LIBRARY = "libc++";
				CLANG_ENABLE_MODULES = YES;
				CLANG_ENABLE_OBJC_ARC = YES;
				CLANG_ENABLE_OBJC_WEAK = YES;
				CLANG_WARN_BLOCK_CAPTURE_AUTORELEASING = YES;
				CLANG_WARN_BOOL_CONVERSION = YES;
				CLANG_WARN_COMMA = YES;
				CLANG_WARN_CONSTANT_CONVERSION = YES;
				CLANG_WARN_DEPRECATED_OBJC_IMPLEMENTATIONS = YES;
				CLANG_WARN_DIRECT_OBJC_ISA_USAGE = YES_ERROR;
				CLANG_WARN_DOCUMENTATION_COMMENTS = YES;
				CLANG_WARN_EMPTY_BODY = YES;
				CLANG_WARN_ENUM_CONVERSION = YES;
				CLANG_WARN_INFINITE_RECURSION = YES;
				CLANG_WARN_INT_CONVERSION = YES;
				CLANG_WARN_NON_LITERAL_NULL_CONVERSION = YES;
				CLANG_WARN_OBJC_IMPLICIT_RETAIN_SELF = YES;
				CLANG_WARN_OBJC_LITERAL_CONVERSION = YES;
				CLANG_WARN_OBJC_ROOT_CLASS = YES_ERROR;
				CLANG_WARN_RANGE_LOOP_ANALYSIS = YES;
				CLANG_WARN_STRICT_PROTOTYPES = YES;
				CLANG_WARN_SUSPICIOUS_MOVE = YES;
				CLANG_WARN_UNGUARDED_AVAILABILITY = YES_AGGRESSIVE;
				CLANG_WARN_UNREACHABLE_CODE = YES;
				CLANG_WARN__DUPLICATE_METHOD_MATCH = YES;
				CODE_SIGN_IDENTITY = "iPhone Developer";
				COPY_PHASE_STRIP = NO;
				DEBUG_INFORMATION_FORMAT = "dwarf-with-dsym";
				ENABLE_NS_ASSERTIONS = NO;
				ENABLE_STRICT_OBJC_MSGSEND = YES;
				GCC_C_LANGUAGE_STANDARD = gnu11;
				GCC_NO_COMMON_BLOCKS = YES;
				GCC_WARN_64_TO_32_BIT_CONVERSION = YES;
				GCC_WARN_ABOUT_RETURN_TYPE = YES_ERROR;
				GCC_WARN_UNDECLARED_SELECTOR = YES;
				GCC_WARN_UNINITIALIZED_AUTOS = YES_AGGRESSIVE;
				GCC_WARN_UNUSED_FUNCTION = YES;
				GCC_WARN_UNUSED_VARIABLE = YES;
				IPHONEOS_DEPLOYMENT_TARGET = 11.3;
				MTL_ENABLE_DEBUG_INFO = NO;
				SDKROOT = iphoneos;
				VALIDATE_PRODUCT = YES;
			};
			name = Release;
		};
		AA401DB420B69B3200414D6A /* Debug */ = {
			isa = XCBuildConfiguration;
			baseConfigurationReference = 9D21767FED1F4C4ED9CC560C /* Pods-PhotoBrowser.debug.xcconfig */;
			buildSettings = {
				ASSETCATALOG_COMPILER_APPICON_NAME = AppIcon;
				CODE_SIGN_STYLE = Automatic;
				DEVELOPMENT_TEAM = 5MC29DLSP7;
				INFOPLIST_FILE = PhotoBrowser/Info.plist;
				LD_RUNPATH_SEARCH_PATHS = (
					"$(inherited)",
					"@executable_path/Frameworks",
				);
				PRODUCT_BUNDLE_IDENTIFIER = com.hechang.PhotoBrowser;
				PRODUCT_NAME = "$(TARGET_NAME)";
				TARGETED_DEVICE_FAMILY = "1,2";
			};
			name = Debug;
		};
		AA401DB520B69B3200414D6A /* Release */ = {
			isa = XCBuildConfiguration;
			baseConfigurationReference = B813C9EEF42AA00B2B8EA1FE /* Pods-PhotoBrowser.release.xcconfig */;
			buildSettings = {
				ASSETCATALOG_COMPILER_APPICON_NAME = AppIcon;
				CODE_SIGN_STYLE = Automatic;
				DEVELOPMENT_TEAM = 5MC29DLSP7;
				INFOPLIST_FILE = PhotoBrowser/Info.plist;
				LD_RUNPATH_SEARCH_PATHS = (
					"$(inherited)",
					"@executable_path/Frameworks",
				);
				PRODUCT_BUNDLE_IDENTIFIER = com.hechang.PhotoBrowser;
				PRODUCT_NAME = "$(TARGET_NAME)";
				TARGETED_DEVICE_FAMILY = "1,2";
			};
			name = Release;
		};
/* End XCBuildConfiguration section */

/* Begin XCConfigurationList section */
		AA401D9820B69B2F00414D6A /* Build configuration list for PBXProject "PhotoBrowser" */ = {
			isa = XCConfigurationList;
			buildConfigurations = (
				AA401DB120B69B3200414D6A /* Debug */,
				AA401DB220B69B3200414D6A /* Release */,
			);
			defaultConfigurationIsVisible = 0;
			defaultConfigurationName = Release;
		};
		AA401DB320B69B3200414D6A /* Build configuration list for PBXNativeTarget "PhotoBrowser" */ = {
			isa = XCConfigurationList;
			buildConfigurations = (
				AA401DB420B69B3200414D6A /* Debug */,
				AA401DB520B69B3200414D6A /* Release */,
			);
			defaultConfigurationIsVisible = 0;
			defaultConfigurationName = Release;
		};
/* End XCConfigurationList section */
	};
	rootObject = AA401D9520B69B2F00414D6A /* Project object */;
}
